
Microsoft Visual Studio Solution File, Format Version 12.00
# Visual Studio Version 17
VisualStudioVersion = 17.11.35431.28
MinimumVisualStudioVersion = 10.0.40219.1
Project("{FAE04EC0-301F-11D3-BF4B-00C04F79EFBC}") = "Calculadora_Simples", "Calculadora_Simples\Calculadora_Simples.csproj", "{601ACCA7-1637-4D66-8BB9-BAA85F77F228}"
EndProject
Global
	GlobalSection(SolutionConfigurationPlatforms) = preSolution
		Debug|Any CPU = Debug|Any CPU
		Release|Any CPU = Release|Any CPU
	EndGlobalSection
	GlobalSection(ProjectConfigurationPlatforms) = postSolution
		{601ACCA7-1637-4D66-8BB9-BAA85F77F228}.Debug|Any CPU.ActiveCfg = Debug|Any CPU
		{601ACCA7-1637-4D66-8BB9-BAA85F77F228}.Debug|Any CPU.Build.0 = Debug|Any CPU
		{601ACCA7-1637-4D66-8BB9-BAA85F77F228}.Release|Any CPU.ActiveCfg = Release|Any CPU
		{601ACCA7-1637-4D66-8BB9-BAA85F77F228}.Release|Any CPU.Build.0 = Release|Any CPU
	EndGlobalSection
	GlobalSection(SolutionProperties) = preSolution
		HideSolutionNode = FALSE
	EndGlobalSection
	GlobalSection(ExtensibilityGlobals) = postSolution
		SolutionGuid = {65A17BE2-63A2-4ABA-B751-AEE16569F623}
	EndGlobalSection
EndGlobal
